
Microsoft Visual Studio Solution File, Format Version 12.00
# Visual Studio Version 17
VisualStudioVersion = 17.11.35222.181
MinimumVisualStudioVersion = 10.0.40219.1
Project("{FAE04EC0-301F-11D3-BF4B-00C04F79EFBC}") = "D_UTS", "D_UTS\D_UTS.csproj", "{55729CC0-C282-4476-9405-4483CF9C4607}"
EndProject
Global
	GlobalSection(SolutionConfigurationPlatforms) = preSolution
		Debug|Any CPU = Debug|Any CPU
		Release|Any CPU = Release|Any CPU
	EndGlobalSection
	GlobalSection(ProjectConfigurationPlatforms) = postSolution
		{55729CC0-C282-4476-9405-4483CF9C4607}.Debug|Any CPU.ActiveCfg = Debug|Any CPU
		{55729CC0-C282-4476-9405-4483CF9C4607}.Debug|Any CPU.Build.0 = Debug|Any CPU
		{55729CC0-C282-4476-9405-4483CF9C4607}.Release|Any CPU.ActiveCfg = Release|Any CPU
		{55729CC0-C282-4476-9405-4483CF9C4607}.Release|Any CPU.Build.0 = Release|Any CPU
	EndGlobalSection
	GlobalSection(SolutionProperties) = preSolution
		HideSolutionNode = FALSE
	EndGlobalSection
	GlobalSection(ExtensibilityGlobals) = postSolution
		SolutionGuid = {A4B2F9C9-0421-4623-909D-E2DB1FE09EC4}
	EndGlobalSection
EndGlobal
